$NetBSD$

--- Cargo.lock.orig	Mon Jul 20 22:49:36 2020
+++ Cargo.lock
@@ -111,9 +111,9 @@ dependencies = [
 
 [[package]]
 name = "audio_thread_priority"
-version = "0.22.1"
+version = "0.23.4"
 source = "registry+https://github.com/rust-lang/crates.io-index"
-checksum = "f8fba1500e466a39dd3faa5aed20a50dfe0aa1b905264a453bbe9f49508994cc"
+checksum = "cec7141c59547709f640219f15512026d416c0ca8ce7a5ac1524923ee65be2cb"
 dependencies = [
  "cfg-if",
  "dbus",
