$NetBSD$

--- Cargo.lock.orig	Fri Apr  3 19:34:34 2020
+++ Cargo.lock
@@ -104,24 +104,9 @@ dependencies = [
 ]
 
 [[package]]
-name = "audio_thread_priority"
-version = "0.22.0"
-source = "registry+https://github.com/rust-lang/crates.io-index"
-checksum = "407b1b70ad4072a4ff430679b331450166b56631091d6ba46a885cf427392055"
-dependencies = [
- "cfg-if",
- "dbus",
- "libc",
- "log",
- "mach",
- "winapi 0.3.7",
-]
-
-[[package]]
 name = "audioipc"
 version = "0.2.4"
 dependencies = [
- "audio_thread_priority",
  "bincode",
  "bytes 0.4.9",
  "cc",
@@ -148,7 +133,6 @@ dependencies = [
 name = "audioipc-client"
 version = "0.4.0"
 dependencies = [
- "audio_thread_priority",
  "audioipc",
  "cubeb-backend",
  "futures",
@@ -161,7 +145,6 @@ dependencies = [
 name = "audioipc-server"
 version = "0.2.3"
 dependencies = [
- "audio_thread_priority",
  "audioipc",
  "cubeb-core",
  "error-chain",
@@ -1003,16 +986,6 @@ dependencies = [
 ]
 
 [[package]]
-name = "dbus"
-version = "0.6.4"
-source = "registry+https://github.com/rust-lang/crates.io-index"
-checksum = "b9e1b39f3f6aa3d4a1522c4f0f9f1e9e9167bd93740a8690874caa7cf8ce47d7"
-dependencies = [
- "libc",
- "libdbus-sys",
-]
-
-[[package]]
 name = "deflate"
 version = "0.7.19"
 source = "registry+https://github.com/rust-lang/crates.io-index"
@@ -1603,7 +1576,6 @@ dependencies = [
 name = "gkrust-shared"
 version = "0.1.0"
 dependencies = [
- "audio_thread_priority",
  "audioipc-client",
  "audioipc-server",
  "authenticator",
@@ -2089,15 +2061,6 @@ name = "libc"
 version = "0.2.59"
 source = "registry+https://github.com/rust-lang/crates.io-index"
 checksum = "3262021842bf00fe07dbd6cf34ff25c99d7a7ebef8deea84db72be3ea3bb0aff"
-
-[[package]]
-name = "libdbus-sys"
-version = "0.1.5"
-source = "registry+https://github.com/rust-lang/crates.io-index"
-checksum = "18cb88963258d00f4962205dbb5933d82780d9962c8c8a064b651d2ad7189210"
-dependencies = [
- "pkg-config",
-]
 
 [[package]]
 name = "libloading"
